// !$*UTF8*$!
{
	archiveVersion = 1;
	classes = {
	};
	objectVersion = 55;
	objects = {

/* Begin PBXBuildFile section */
		6B0386D82859074C0028667F /* CityTableViewCell.swift in Sources */ = {isa = PBXBuildFile; fileRef = 6B0386D72859074C0028667F /* CityTableViewCell.swift */; };
		6B37F52D285A0A3800DF6588 /* Double+.swift in Sources */ = {isa = PBXBuildFile; fileRef = 6B37F52C285A0A3800DF6588 /* Double+.swift */; };
		6B7104892856010E00D72B9F /* City.swift in Sources */ = {isa = PBXBuildFile; fileRef = 6B7104882856010E00D72B9F /* City.swift */; };
		6B71048B2856012900D72B9F /* Network.swift in Sources */ = {isa = PBXBuildFile; fileRef = 6B71048A2856012900D72B9F /* Network.swift */; };
		6B71048D2856067900D72B9F /* WeatherInfo.swift in Sources */ = {isa = PBXBuildFile; fileRef = 6B71048C2856067900D72B9F /* WeatherInfo.swift */; };
		6B71048F2856106500D72B9F /* DetailViewController.swift in Sources */ = {isa = PBXBuildFile; fileRef = 6B71048E2856106500D72B9F /* DetailViewController.swift */; };
		6B7104912856231700D72B9F /* InfoTableViewCell.swift in Sources */ = {isa = PBXBuildFile; fileRef = 6B7104902856231700D72B9F /* InfoTableViewCell.swift */; };
		6B7104932856326A00D72B9F /* Information.swift in Sources */ = {isa = PBXBuildFile; fileRef = 6B7104922856326A00D72B9F /* Information.swift */; };
		6B710499285639FF00D72B9F /* ImageCacheManager.swift in Sources */ = {isa = PBXBuildFile; fileRef = 6B710498285639FF00D72B9F /* ImageCacheManager.swift */; };
		6BE5D55E2855F7EE007A56B7 /* AppDelegate.swift in Sources */ = {isa = PBXBuildFile; fileRef = 6BE5D55D2855F7EE007A56B7 /* AppDelegate.swift */; };
		6BE5D5602855F7EE007A56B7 /* SceneDelegate.swift in Sources */ = {isa = PBXBuildFile; fileRef = 6BE5D55F2855F7EE007A56B7 /* SceneDelegate.swift */; };
		6BE5D5622855F7EE007A56B7 /* CityListViewController.swift in Sources */ = {isa = PBXBuildFile; fileRef = 6BE5D5612855F7EE007A56B7 /* CityListViewController.swift */; };
		6BE5D5672855F7F0007A56B7 /* Assets.xcassets in Resources */ = {isa = PBXBuildFile; fileRef = 6BE5D5662855F7F0007A56B7 /* Assets.xcassets */; };
		6BE5D56A2855F7F0007A56B7 /* LaunchScreen.storyboard in Resources */ = {isa = PBXBuildFile; fileRef = 6BE5D5682855F7F0007A56B7 /* LaunchScreen.storyboard */; };
/* End PBXBuildFile section */

/* Begin PBXFileReference section */
		6B0386D6285905DF0028667F /* README.md */ = {isa = PBXFileReference; lastKnownFileType = net.daringfireball.markdown; path = README.md; sourceTree = "<group>"; };
		6B0386D72859074C0028667F /* CityTableViewCell.swift */ = {isa = PBXFileReference; lastKnownFileType = sourcecode.swift; path = CityTableViewCell.swift; sourceTree = "<group>"; };
		6B37F52C285A0A3800DF6588 /* Double+.swift */ = {isa = PBXFileReference; lastKnownFileType = sourcecode.swift; path = "Double+.swift"; sourceTree = "<group>"; };
		6B7104882856010E00D72B9F /* City.swift */ = {isa = PBXFileReference; lastKnownFileType = sourcecode.swift; path = City.swift; sourceTree = "<group>"; };
		6B71048A2856012900D72B9F /* Network.swift */ = {isa = PBXFileReference; lastKnownFileType = sourcecode.swift; path = Network.swift; sourceTree = "<group>"; };
		6B71048C2856067900D72B9F /* WeatherInfo.swift */ = {isa = PBXFileReference; lastKnownFileType = sourcecode.swift; path = WeatherInfo.swift; sourceTree = "<group>"; };
		6B71048E2856106500D72B9F /* DetailViewController.swift */ = {isa = PBXFileReference; lastKnownFileType = sourcecode.swift; path = DetailViewController.swift; sourceTree = "<group>"; };
		6B7104902856231700D72B9F /* InfoTableViewCell.swift */ = {isa = PBXFileReference; lastKnownFileType = sourcecode.swift; path = InfoTableViewCell.swift; sourceTree = "<group>"; };
		6B7104922856326A00D72B9F /* Information.swift */ = {isa = PBXFileReference; lastKnownFileType = sourcecode.swift; path = Information.swift; sourceTree = "<group>"; };
		6B710498285639FF00D72B9F /* ImageCacheManager.swift */ = {isa = PBXFileReference; lastKnownFileType = sourcecode.swift; path = ImageCacheManager.swift; sourceTree = "<group>"; };
		6BE5D55A2855F7EE007A56B7 /* wanted_pre_onboarding.app */ = {isa = PBXFileReference; explicitFileType = wrapper.application; includeInIndex = 0; path = wanted_pre_onboarding.app; sourceTree = BUILT_PRODUCTS_DIR; };
		6BE5D55D2855F7EE007A56B7 /* AppDelegate.swift */ = {isa = PBXFileReference; lastKnownFileType = sourcecode.swift; path = AppDelegate.swift; sourceTree = "<group>"; };
		6BE5D55F2855F7EE007A56B7 /* SceneDelegate.swift */ = {isa = PBXFileReference; lastKnownFileType = sourcecode.swift; path = SceneDelegate.swift; sourceTree = "<group>"; };
		6BE5D5612855F7EE007A56B7 /* CityListViewController.swift */ = {isa = PBXFileReference; lastKnownFileType = sourcecode.swift; path = CityListViewController.swift; sourceTree = "<group>"; };
		6BE5D5662855F7F0007A56B7 /* Assets.xcassets */ = {isa = PBXFileReference; lastKnownFileType = folder.assetcatalog; path = Assets.xcassets; sourceTree = "<group>"; };
		6BE5D5692855F7F0007A56B7 /* Base */ = {isa = PBXFileReference; lastKnownFileType = file.storyboard; name = Base; path = Base.lproj/LaunchScreen.storyboard; sourceTree = "<group>"; };
		6BE5D56B2855F7F0007A56B7 /* Info.plist */ = {isa = PBXFileReference; lastKnownFileType = text.plist.xml; path = Info.plist; sourceTree = "<group>"; };
/* End PBXFileReference section */

/* Begin PBXFrameworksBuildPhase section */
		6BE5D5572855F7EE007A56B7 /* Frameworks */ = {
			isa = PBXFrameworksBuildPhase;
			buildActionMask = 2147483647;
			files = (
			);
			runOnlyForDeploymentPostprocessing = 0;
		};
/* End PBXFrameworksBuildPhase section */

/* Begin PBXGroup section */
		6B0386D52858FEB60028667F /* Manager */ = {
			isa = PBXGroup;
			children = (
				6B710498285639FF00D72B9F /* ImageCacheManager.swift */,
			);
			path = Manager;
			sourceTree = "<group>";
		};
		6B37F52B285A0A2900DF6588 /* Extension */ = {
			isa = PBXGroup;
			children = (
				6B37F52C285A0A3800DF6588 /* Double+.swift */,
			);
			path = Extension;
			sourceTree = "<group>";
		};
		6B7104942856375400D72B9F /* Presentation */ = {
			isa = PBXGroup;
			children = (
				6BE5D5612855F7EE007A56B7 /* CityListViewController.swift */,
				6B0386D72859074C0028667F /* CityTableViewCell.swift */,
				6B71048E2856106500D72B9F /* DetailViewController.swift */,
				6B7104902856231700D72B9F /* InfoTableViewCell.swift */,
			);
			path = Presentation;
			sourceTree = "<group>";
		};
		6B7104952856376B00D72B9F /* Enum */ = {
			isa = PBXGroup;
			children = (
				6B7104882856010E00D72B9F /* City.swift */,
				6B7104922856326A00D72B9F /* Information.swift */,
			);
			path = Enum;
			sourceTree = "<group>";
		};
		6B7104962856377400D72B9F /* Model */ = {
			isa = PBXGroup;
			children = (
				6B71048C2856067900D72B9F /* WeatherInfo.swift */,
			);
			path = Model;
			sourceTree = "<group>";
		};
		6B7104972856377900D72B9F /* Network */ = {
			isa = PBXGroup;
			children = (
				6B71048A2856012900D72B9F /* Network.swift */,
			);
			path = Network;
			sourceTree = "<group>";
		};
		6BE5D5512855F7EE007A56B7 = {
			isa = PBXGroup;
			children = (
				6B0386D6285905DF0028667F /* README.md */,
				6BE5D55C2855F7EE007A56B7 /* wanted_pre_onboarding */,
				6BE5D55B2855F7EE007A56B7 /* Products */,
			);
			sourceTree = "<group>";
		};
		6BE5D55B2855F7EE007A56B7 /* Products */ = {
			isa = PBXGroup;
			children = (
				6BE5D55A2855F7EE007A56B7 /* wanted_pre_onboarding.app */,
			);
			name = Products;
			sourceTree = "<group>";
		};
		6BE5D55C2855F7EE007A56B7 /* wanted_pre_onboarding */ = {
			isa = PBXGroup;
			children = (
				6BE5D55D2855F7EE007A56B7 /* AppDelegate.swift */,
				6BE5D55F2855F7EE007A56B7 /* SceneDelegate.swift */,
				6B37F52B285A0A2900DF6588 /* Extension */,
				6B0386D52858FEB60028667F /* Manager */,
				6B7104972856377900D72B9F /* Network */,
				6B7104962856377400D72B9F /* Model */,
				6B7104952856376B00D72B9F /* Enum */,
				6B7104942856375400D72B9F /* Presentation */,
				6BE5D5662855F7F0007A56B7 /* Assets.xcassets */,
				6BE5D5682855F7F0007A56B7 /* LaunchScreen.storyboard */,
				6BE5D56B2855F7F0007A56B7 /* Info.plist */,
			);
			path = wanted_pre_onboarding;
			sourceTree = "<group>";
		};
/* End PBXGroup section */

/* Begin PBXNativeTarget section */
		6BE5D5592855F7EE007A56B7 /* wanted_pre_onboarding */ = {
			isa = PBXNativeTarget;
			buildConfigurationList = 6BE5D56E2855F7F0007A56B7 /* Build configuration list for PBXNativeTarget "wanted_pre_onboarding" */;
			buildPhases = (
				6BE5D5562855F7EE007A56B7 /* Sources */,
				6BE5D5572855F7EE007A56B7 /* Frameworks */,
				6BE5D5582855F7EE007A56B7 /* Resources */,
			);
			buildRules = (
			);
			dependencies = (
			);
			name = wanted_pre_onboarding;
			productName = wanted_pre_onboarding;
			productReference = 6BE5D55A2855F7EE007A56B7 /* wanted_pre_onboarding.app */;
			productType = "com.apple.product-type.application";
		};
/* End PBXNativeTarget section */

/* Begin PBXProject section */
		6BE5D5522855F7EE007A56B7 /* Project object */ = {
			isa = PBXProject;
			attributes = {
				BuildIndependentTargetsInParallel = 1;
				LastSwiftUpdateCheck = 1330;
				LastUpgradeCheck = 1330;
				TargetAttributes = {
					6BE5D5592855F7EE007A56B7 = {
						CreatedOnToolsVersion = 13.3;
					};
				};
			};
			buildConfigurationList = 6BE5D5552855F7EE007A56B7 /* Build configuration list for PBXProject "wanted_pre_onboarding" */;
			compatibilityVersion = "Xcode 13.0";
			developmentRegion = en;
			hasScannedForEncodings = 0;
			knownRegions = (
				en,
				Base,
			);
			mainGroup = 6BE5D5512855F7EE007A56B7;
			productRefGroup = 6BE5D55B2855F7EE007A56B7 /* Products */;
			projectDirPath = "";
			projectRoot = "";
			targets = (
				6BE5D5592855F7EE007A56B7 /* wanted_pre_onboarding */,
			);
		};
/* End PBXProject section */

/* Begin PBXResourcesBuildPhase section */
		6BE5D5582855F7EE007A56B7 /* Resources */ = {
			isa = PBXResourcesBuildPhase;
			buildActionMask = 2147483647;
			files = (
				6BE5D56A2855F7F0007A56B7 /* LaunchScreen.storyboard in Resources */,
				6BE5D5672855F7F0007A56B7 /* Assets.xcassets in Resources */,
			);
			runOnlyForDeploymentPostprocessing = 0;
		};
/* End PBXResourcesBuildPhase section */

/* Begin PBXSourcesBuildPhase section */
		6BE5D5562855F7EE007A56B7 /* Sources */ = {
			isa = PBXSourcesBuildPhase;
			buildActionMask = 2147483647;
			files = (
				6B7104932856326A00D72B9F /* Information.swift in Sources */,
				6B71048B2856012900D72B9F /* Network.swift in Sources */,
				6B710499285639FF00D72B9F /* ImageCacheManager.swift in Sources */,
				6B7104912856231700D72B9F /* InfoTableViewCell.swift in Sources */,
				6BE5D5622855F7EE007A56B7 /* CityListViewController.swift in Sources */,
				6B71048D2856067900D72B9F /* WeatherInfo.swift in Sources */,
				6BE5D55E2855F7EE007A56B7 /* AppDelegate.swift in Sources */,
				6B7104892856010E00D72B9F /* City.swift in Sources */,
				6BE5D5602855F7EE007A56B7 /* SceneDelegate.swift in Sources */,
				6B71048F2856106500D72B9F /* DetailViewController.swift in Sources */,
				6B37F52D285A0A3800DF6588 /* Double+.swift in Sources */,
				6B0386D82859074C0028667F /* CityTableViewCell.swift in Sources */,
			);
			runOnlyForDeploymentPostprocessing = 0;
		};
/* End PBXSourcesBuildPhase section */

/* Begin PBXVariantGroup section */
		6BE5D5682855F7F0007A56B7 /* LaunchScreen.storyboard */ = {
			isa = PBXVariantGroup;
			children = (
				6BE5D5692855F7F0007A56B7 /* Base */,
			);
			name = LaunchScreen.storyboard;
			sourceTree = "<group>";
		};
/* End PBXVariantGroup section */

/* Begin XCBuildConfiguration section */
		6BE5D56C2855F7F0007A56B7 /* Debug */ = {
			isa = XCBuildConfiguration;
			buildSettings = {
				ALWAYS_SEARCH_USER_PATHS = NO;
				CLANG_ANALYZER_NONNULL = YES;
				CLANG_ANALYZER_NUMBER_OBJECT_CONVERSION = YES_AGGRESSIVE;
				CLANG_CXX_LANGUAGE_STANDARD = "gnu++17";
				CLANG_ENABLE_MODULES = YES;
				CLANG_ENABLE_OBJC_ARC = YES;
				CLANG_ENABLE_OBJC_WEAK = YES;
				CLANG_WARN_BLOCK_CAPTURE_AUTORELEASING = YES;
				CLANG_WARN_BOOL_CONVERSION = YES;
				CLANG_WARN_COMMA = YES;
				CLANG_WARN_CONSTANT_CONVERSION = YES;
				CLANG_WARN_DEPRECATED_OBJC_IMPLEMENTATIONS = YES;
				CLANG_WARN_DIRECT_OBJC_ISA_USAGE = YES_ERROR;
				CLANG_WARN_DOCUMENTATION_COMMENTS = YES;
				CLANG_WARN_EMPTY_BODY = YES;
				CLANG_WARN_ENUM_CONVERSION = YES;
				CLANG_WARN_INFINITE_RECURSION = YES;
				CLANG_WARN_INT_CONVERSION = YES;
				CLANG_WARN_NON_LITERAL_NULL_CONVERSION = YES;
				CLANG_WARN_OBJC_IMPLICIT_RETAIN_SELF = YES;
				CLANG_WARN_OBJC_LITERAL_CONVERSION = YES;
				CLANG_WARN_OBJC_ROOT_CLASS = YES_ERROR;
				CLANG_WARN_QUOTED_INCLUDE_IN_FRAMEWORK_HEADER = YES;
				CLANG_WARN_RANGE_LOOP_ANALYSIS = YES;
				CLANG_WARN_STRICT_PROTOTYPES = YES;
				CLANG_WARN_SUSPICIOUS_MOVE = YES;
				CLANG_WARN_UNGUARDED_AVAILABILITY = YES_AGGRESSIVE;
				CLANG_WARN_UNREACHABLE_CODE = YES;
				CLANG_WARN__DUPLICATE_METHOD_MATCH = YES;
				COPY_PHASE_STRIP = NO;
				DEBUG_INFORMATION_FORMAT = dwarf;
				ENABLE_STRICT_OBJC_MSGSEND = YES;
				ENABLE_TESTABILITY = YES;
				GCC_C_LANGUAGE_STANDARD = gnu11;
				GCC_DYNAMIC_NO_PIC = NO;
				GCC_NO_COMMON_BLOCKS = YES;
				GCC_OPTIMIZATION_LEVEL = 0;
				GCC_PREPROCESSOR_DEFINITIONS = (
					"DEBUG=1",
					"$(inherited)",
				);
				GCC_WARN_64_TO_32_BIT_CONVERSION = YES;
				GCC_WARN_ABOUT_RETURN_TYPE = YES_ERROR;
				GCC_WARN_UNDECLARED_SELECTOR = YES;
				GCC_WARN_UNINITIALIZED_AUTOS = YES_AGGRESSIVE;
				GCC_WARN_UNUSED_FUNCTION = YES;
				GCC_WARN_UNUSED_VARIABLE = YES;
				IPHONEOS_DEPLOYMENT_TARGET = 15.4;
				MTL_ENABLE_DEBUG_INFO = INCLUDE_SOURCE;
				MTL_FAST_MATH = YES;
				ONLY_ACTIVE_ARCH = YES;
				SDKROOT = iphoneos;
				SWIFT_ACTIVE_COMPILATION_CONDITIONS = DEBUG;
				SWIFT_OPTIMIZATION_LEVEL = "-Onone";
			};
			name = Debug;
		};
		6BE5D56D2855F7F0007A56B7 /* Release */ = {
			isa = XCBuildConfiguration;
			buildSettings = {
				ALWAYS_SEARCH_USER_PATHS = NO;
				CLANG_ANALYZER_NONNULL = YES;
				CLANG_ANALYZER_NUMBER_OBJECT_CONVERSION = YES_AGGRESSIVE;
				CLANG_CXX_LANGUAGE_STANDARD = "gnu++17";
				CLANG_ENABLE_MODULES = YES;
				CLANG_ENABLE_OBJC_ARC = YES;
				CLANG_ENABLE_OBJC_WEAK = YES;
				CLANG_WARN_BLOCK_CAPTURE_AUTORELEASING = YES;
				CLANG_WARN_BOOL_CONVERSION = YES;
				CLANG_WARN_COMMA = YES;
				CLANG_WARN_CONSTANT_CONVERSION = YES;
				CLANG_WARN_DEPRECATED_OBJC_IMPLEMENTATIONS = YES;
				CLANG_WARN_DIRECT_OBJC_ISA_USAGE = YES_ERROR;
				CLANG_WARN_DOCUMENTATION_COMMENTS = YES;
				CLANG_WARN_EMPTY_BODY = YES;
				CLANG_WARN_ENUM_CONVERSION = YES;
				CLANG_WARN_INFINITE_RECURSION = YES;
				CLANG_WARN_INT_CONVERSION = YES;
				CLANG_WARN_NON_LITERAL_NULL_CONVERSION = YES;
				CLANG_WARN_OBJC_IMPLICIT_RETAIN_SELF = YES;
				CLANG_WARN_OBJC_LITERAL_CONVERSION = YES;
				CLANG_WARN_OBJC_ROOT_CLASS = YES_ERROR;
				CLANG_WARN_QUOTED_INCLUDE_IN_FRAMEWORK_HEADER = YES;
				CLANG_WARN_RANGE_LOOP_ANALYSIS = YES;
				CLANG_WARN_STRICT_PROTOTYPES = YES;
				CLANG_WARN_SUSPICIOUS_MOVE = YES;
				CLANG_WARN_UNGUARDED_AVAILABILITY = YES_AGGRESSIVE;
				CLANG_WARN_UNREACHABLE_CODE = YES;
				CLANG_WARN__DUPLICATE_METHOD_MATCH = YES;
				COPY_PHASE_STRIP = NO;
				DEBUG_INFORMATION_FORMAT = "dwarf-with-dsym";
				ENABLE_NS_ASSERTIONS = NO;
				ENABLE_STRICT_OBJC_MSGSEND = YES;
				GCC_C_LANGUAGE_STANDARD = gnu11;
				GCC_NO_COMMON_BLOCKS = YES;
				GCC_WARN_64_TO_32_BIT_CONVERSION = YES;
				GCC_WARN_ABOUT_RETURN_TYPE = YES_ERROR;
				GCC_WARN_UNDECLARED_SELECTOR = YES;
				GCC_WARN_UNINITIALIZED_AUTOS = YES_AGGRESSIVE;
				GCC_WARN_UNUSED_FUNCTION = YES;
				GCC_WARN_UNUSED_VARIABLE = YES;
				IPHONEOS_DEPLOYMENT_TARGET = 15.4;
				MTL_ENABLE_DEBUG_INFO = NO;
				MTL_FAST_MATH = YES;
				SDKROOT = iphoneos;
				SWIFT_COMPILATION_MODE = wholemodule;
				SWIFT_OPTIMIZATION_LEVEL = "-O";
				VALIDATE_PRODUCT = YES;
			};
			name = Release;
		};
		6BE5D56F2855F7F0007A56B7 /* Debug */ = {
			isa = XCBuildConfiguration;
			buildSettings = {
				ASSETCATALOG_COMPILER_APPICON_NAME = AppIcon;
				ASSETCATALOG_COMPILER_GLOBAL_ACCENT_COLOR_NAME = AccentColor;
				CODE_SIGN_STYLE = Automatic;
				CURRENT_PROJECT_VERSION = 1;
				DEVELOPMENT_TEAM = TB9WF4459Q;
				GENERATE_INFOPLIST_FILE = YES;
				INFOPLIST_FILE = wanted_pre_onboarding/Info.plist;
				INFOPLIST_KEY_UIApplicationSupportsIndirectInputEvents = YES;
				INFOPLIST_KEY_UILaunchStoryboardName = LaunchScreen;
				INFOPLIST_KEY_UISupportedInterfaceOrientations_iPad = "UIInterfaceOrientationPortrait UIInterfaceOrientationPortraitUpsideDown UIInterfaceOrientationLandscapeLeft UIInterfaceOrientationLandscapeRight";
				INFOPLIST_KEY_UISupportedInterfaceOrientations_iPhone = "UIInterfaceOrientationPortrait UIInterfaceOrientationLandscapeLeft UIInterfaceOrientationLandscapeRight";
				LD_RUNPATH_SEARCH_PATHS = (
					"$(inherited)",
					"@executable_path/Frameworks",
				);
				MARKETING_VERSION = 1.0;
				PRODUCT_BUNDLE_IDENTIFIER = "cobugi.wanted-pre-onboarding";
				PRODUCT_NAME = "$(TARGET_NAME)";
				SWIFT_EMIT_LOC_STRINGS = YES;
				SWIFT_VERSION = 5.0;
				TARGETED_DEVICE_FAMILY = "1,2";
			};
			name = Debug;
		};
		6BE5D5702855F7F0007A56B7 /* Release */ = {
			isa = XCBuildConfiguration;
			buildSettings = {
				ASSETCATALOG_COMPILER_APPICON_NAME = AppIcon;
				ASSETCATALOG_COMPILER_GLOBAL_ACCENT_COLOR_NAME = AccentColor;
				CODE_SIGN_STYLE = Automatic;
				CURRENT_PROJECT_VERSION = 1;
				DEVELOPMENT_TEAM = TB9WF4459Q;
				GENERATE_INFOPLIST_FILE = YES;
				INFOPLIST_FILE = wanted_pre_onboarding/Info.plist;
				INFOPLIST_KEY_UIApplicationSupportsIndirectInputEvents = YES;
				INFOPLIST_KEY_UILaunchStoryboardName = LaunchScreen;
				INFOPLIST_KEY_UISupportedInterfaceOrientations_iPad = "UIInterfaceOrientationPortrait UIInterfaceOrientationPortraitUpsideDown UIInterfaceOrientationLandscapeLeft UIInterfaceOrientationLandscapeRight";
				INFOPLIST_KEY_UISupportedInterfaceOrientations_iPhone = "UIInterfaceOrientationPortrait UIInterfaceOrientationLandscapeLeft UIInterfaceOrientationLandscapeRight";
				LD_RUNPATH_SEARCH_PATHS = (
					"$(inherited)",
					"@executable_path/Frameworks",
				);
				MARKETING_VERSION = 1.0;
				PRODUCT_BUNDLE_IDENTIFIER = "cobugi.wanted-pre-onboarding";
				PRODUCT_NAME = "$(TARGET_NAME)";
				SWIFT_EMIT_LOC_STRINGS = YES;
				SWIFT_VERSION = 5.0;
				TARGETED_DEVICE_FAMILY = "1,2";
			};
			name = Release;
		};
/* End XCBuildConfiguration section */

/* Begin XCConfigurationList section */
		6BE5D5552855F7EE007A56B7 /* Build configuration list for PBXProject "wanted_pre_onboarding" */ = {
			isa = XCConfigurationList;
			buildConfigurations = (
				6BE5D56C2855F7F0007A56B7 /* Debug */,
				6BE5D56D2855F7F0007A56B7 /* Release */,
			);
			defaultConfigurationIsVisible = 0;
			defaultConfigurationName = Release;
		};
		6BE5D56E2855F7F0007A56B7 /* Build configuration list for PBXNativeTarget "wanted_pre_onboarding" */ = {
			isa = XCConfigurationList;
			buildConfigurations = (
				6BE5D56F2855F7F0007A56B7 /* Debug */,
				6BE5D5702855F7F0007A56B7 /* Release */,
			);
			defaultConfigurationIsVisible = 0;
			defaultConfigurationName = Release;
		};
/* End XCConfigurationList section */
	};
	rootObject = 6BE5D5522855F7EE007A56B7 /* Project object */;
}
